
Microsoft Visual Studio Solution File, Format Version 12.00
# Visual Studio Version 17
VisualStudioVersion = 17.4.33122.133
MinimumVisualStudioVersion = 10.0.40219.1
Project("{FAE04EC0-301F-11D3-BF4B-00C04F79EFBC}") = "CarRentalApp", "CarRentalApp\CarRentalApp.csproj", "{470C6769-F19F-4D6F-9386-A9F4364D2013}"
EndProject
Global
	GlobalSection(SolutionConfigurationPlatforms) = preSolution
		Debug|Any CPU = Debug|Any CPU
		Release|Any CPU = Release|Any CPU
	EndGlobalSection
	GlobalSection(ProjectConfigurationPlatforms) = postSolution
		{470C6769-F19F-4D6F-9386-A9F4364D2013}.Debug|Any CPU.ActiveCfg = Debug|Any CPU
		{470C6769-F19F-4D6F-9386-A9F4364D2013}.Debug|Any CPU.Build.0 = Debug|Any CPU
		{470C6769-F19F-4D6F-9386-A9F4364D2013}.Release|Any CPU.ActiveCfg = Release|Any CPU
		{470C6769-F19F-4D6F-9386-A9F4364D2013}.Release|Any CPU.Build.0 = Release|Any CPU
	EndGlobalSection
	GlobalSection(SolutionProperties) = preSolution
		HideSolutionNode = FALSE
	EndGlobalSection
	GlobalSection(ExtensibilityGlobals) = postSolution
		SolutionGuid = {8A2D557D-0079-436F-B906-D4CBAD4FA5C9}
	EndGlobalSection
EndGlobal
